{
  "name": "prova-api",
  "lockfileVersion": 2,
  "requires": true,
  "packages": {
    "": {
      "name": "prova-api",
      "dependencies": {
        "sleepjs": "^4.0.3"
      }
    },
    "node_modules/sleepjs": {
      "version": "4.0.3",
      "resolved": "https://registry.npmjs.org/sleepjs/-/sleepjs-4.0.3.tgz",
      "integrity": "sha512-MwiJ89kr2ockmcrJQR+/8cRlzkCUTPiDjwfMMTE0hwdrEYql1HOnnEt8Qmqa49BjLPt1kAjlrN8W/0dAx0PpvQ=="
    }
  },
  "dependencies": {
    "sleepjs": {
      "version": "4.0.3",
      "resolved": "https://registry.npmjs.org/sleepjs/-/sleepjs-4.0.3.tgz",
      "integrity": "sha512-MwiJ89kr2ockmcrJQR+/8cRlzkCUTPiDjwfMMTE0hwdrEYql1HOnnEt8Qmqa49BjLPt1kAjlrN8W/0dAx0PpvQ=="
    }
  }
}
